
Microsoft Visual Studio Solution File, Format Version 12.00
# Visual Studio 15
VisualStudioVersion = 15.0.28010.2046
MinimumVisualStudioVersion = 10.0.40219.1
Project("{FAE04EC0-301F-11D3-BF4B-00C04F79EFBC}") = "nDeath", "nDeath\nDeath.csproj", "{AB079E19-0AD6-4F06-9A90-A52F02D91882}"
EndProject
Global
	GlobalSection(SolutionConfigurationPlatforms) = preSolution
		Debug|Any CPU = Debug|Any CPU
		Release|Any CPU = Release|Any CPU
	EndGlobalSection
	GlobalSection(ProjectConfigurationPlatforms) = postSolution
		{AB079E19-0AD6-4F06-9A90-A52F02D91882}.Debug|Any CPU.ActiveCfg = Debug|Any CPU
		{AB079E19-0AD6-4F06-9A90-A52F02D91882}.Debug|Any CPU.Build.0 = Debug|Any CPU
		{AB079E19-0AD6-4F06-9A90-A52F02D91882}.Release|Any CPU.ActiveCfg = Release|Any CPU
		{AB079E19-0AD6-4F06-9A90-A52F02D91882}.Release|Any CPU.Build.0 = Release|Any CPU
	EndGlobalSection
	GlobalSection(SolutionProperties) = preSolution
		HideSolutionNode = FALSE
	EndGlobalSection
	GlobalSection(ExtensibilityGlobals) = postSolution
		SolutionGuid = {BEBA1EB1-E5D9-4918-9CA9-45D0CF1712F4}
	EndGlobalSection
EndGlobal
